# THIS IS AN AUTOGENERATED FILE. DO NOT EDIT THIS FILE DIRECTLY.
# yarn lockfile v1


bluebird@^3.3.3, bluebird@^3.7.2:
  version "3.7.2"
  resolved "https://registry.yarnpkg.com/bluebird/-/bluebird-3.7.2.tgz#9f229c15be272454ffa973ace0dbee79a1b0c36f"
  integrity sha512-XpNj6GDQzdfW+r2Wnn7xiSAd7TM3jzkxGXBGTtWKuSXv1xUV+azxAm8jdWZN06QTQk+2N2XB9jRDkvbmQmcRtg==

redlock@^4.1.0:
  version "4.1.0"
  resolved "https://registry.yarnpkg.com/redlock/-/redlock-4.1.0.tgz#2c8d6a348d1b8a10af61574fa3664eced003babc"
  integrity sha512-6EdtGpk5aoZZJtclZGHAd77OJmBtMekD0t8fWUbBsm53pqHwLP+EqAEn3+a6lG+VZzClwjkLbePxpNaP1deGXw==
  dependencies:
    bluebird "^3.3.3"
